
Microsoft Visual Studio Solution File, Format Version 12.00
# Visual Studio 15
VisualStudioVersion = 15.0.28010.2048
MinimumVisualStudioVersion = 10.0.40219.1
Project("{8BC9CEB8-8B4A-11D0-8D11-00A0C91BC942}") = "HW19", "HW19\HW19.vcxproj", "{A1954BD7-F370-49CC-BC0C-D19137996E92}"
EndProject
Global
	GlobalSection(SolutionConfigurationPlatforms) = preSolution
		Debug|x64 = Debug|x64
		Debug|x86 = Debug|x86
		Release|x64 = Release|x64
		Release|x86 = Release|x86
	EndGlobalSection
	GlobalSection(ProjectConfigurationPlatforms) = postSolution
		{A1954BD7-F370-49CC-BC0C-D19137996E92}.Debug|x64.ActiveCfg = Debug|x64
		{A1954BD7-F370-49CC-BC0C-D19137996E92}.Debug|x64.Build.0 = Debug|x64
		{A1954BD7-F370-49CC-BC0C-D19137996E92}.Debug|x86.ActiveCfg = Debug|Win32
		{A1954BD7-F370-49CC-BC0C-D19137996E92}.Debug|x86.Build.0 = Debug|Win32
		{A1954BD7-F370-49CC-BC0C-D19137996E92}.Release|x64.ActiveCfg = Release|x64
		{A1954BD7-F370-49CC-BC0C-D19137996E92}.Release|x64.Build.0 = Release|x64
		{A1954BD7-F370-49CC-BC0C-D19137996E92}.Release|x86.ActiveCfg = Release|Win32
		{A1954BD7-F370-49CC-BC0C-D19137996E92}.Release|x86.Build.0 = Release|Win32
	EndGlobalSection
	GlobalSection(SolutionProperties) = preSolution
		HideSolutionNode = FALSE
	EndGlobalSection
	GlobalSection(ExtensibilityGlobals) = postSolution
		SolutionGuid = {65D60C98-63D5-4702-B1C7-C8B9C006322F}
	EndGlobalSection
EndGlobal
